
Microsoft Visual Studio Solution File, Format Version 12.00
# Visual Studio 15
VisualStudioVersion = 15.0.28010.2026
MinimumVisualStudioVersion = 10.0.40219.1
Project("{FAE04EC0-301F-11D3-BF4B-00C04F79EFBC}") = "e5 zest2", "e5 zest2\e5 zest2.csproj", "{2DDDF5AB-2C11-4F92-8C58-EBAE169E3474}"
EndProject
Global
	GlobalSection(SolutionConfigurationPlatforms) = preSolution
		Debug|Any CPU = Debug|Any CPU
		Release|Any CPU = Release|Any CPU
	EndGlobalSection
	GlobalSection(ProjectConfigurationPlatforms) = postSolution
		{2DDDF5AB-2C11-4F92-8C58-EBAE169E3474}.Debug|Any CPU.ActiveCfg = Debug|Any CPU
		{2DDDF5AB-2C11-4F92-8C58-EBAE169E3474}.Debug|Any CPU.Build.0 = Debug|Any CPU
		{2DDDF5AB-2C11-4F92-8C58-EBAE169E3474}.Release|Any CPU.ActiveCfg = Release|Any CPU
		{2DDDF5AB-2C11-4F92-8C58-EBAE169E3474}.Release|Any CPU.Build.0 = Release|Any CPU
	EndGlobalSection
	GlobalSection(SolutionProperties) = preSolution
		HideSolutionNode = FALSE
	EndGlobalSection
	GlobalSection(ExtensibilityGlobals) = postSolution
		SolutionGuid = {E2DF3EC7-08EC-40B6-8217-4C06391C40AB}
	EndGlobalSection
EndGlobal
